{
  "name": "@qlack/qng-pub-sub",
  "version": "0.0.5",
  "lockfileVersion": 1,
  "requires": true,
  "dependencies": {
    "@qlack/qpubsub": {
      "version": "0.0.8",
      "resolved": "https://registry.npmjs.org/@qlack/qpubsub/-/qpubsub-0.0.8.tgz",
      "integrity": "sha512-VurZxzji3eGLHtD0QGNTH3Yvfr4x5PKyL3mdKPkbmU6L18plmGsSwWqcG51HuXBqUfQZORhQPs1NVz9Pcriykg==",
      "requires": {
        "lodash": "^4.17.13"
      }
    },
    "lodash": {
      "version": "4.17.15",
      "resolved": "https://registry.npmjs.org/lodash/-/lodash-4.17.15.tgz",
      "integrity": "sha512-8xOcRHvCjnocdS5cpwXQXVzmmh5e5+saE2QGoeQmbKmRS6J3VQppPOIt0MnmE+4xlZoumy0GPG0D0MVIQbNA1A=="
    }
  }
}
